<?xml version="1.0" encoding="utf-8"?>
<Project ToolsVersion="4.0" xmlns="http://schemas.microsoft.com/developer/msbuild/2003">
  <ItemGroup>
    <Filter Include="ArduPlane">
      <UniqueIdentifier>{6d19af44-ba6b-4981-97ff-9c750ff4282f}</UniqueIdentifier>
    </Filter>
    <Filter Include="ArduCopter">
      <UniqueIdentifier>{4c4fea79-d571-4c75-8535-c54bae04cc3f}</UniqueIdentifier>
    </Filter>
    <Filter Include="libraries">
      <UniqueIdentifier>{251cf9f4-68fa-406d-adc8-b340a1a42b4c}</UniqueIdentifier>
    </Filter>
    <Filter Include="libraries\AC_AttitudeControl">
      <UniqueIdentifier>{122fda9e-2a6c-4595-8ece-5530bb1873dc}</UniqueIdentifier>
    </Filter>
    <Filter Include="libraries\AP_AHRS">
      <UniqueIdentifier>{6ed809d0-dc12-4454-b0cf-70890b33cae2}</UniqueIdentifier>
    </Filter>
    <Filter Include="libraries\AP_HAL">
      <UniqueIdentifier>{5aa3fb33-602c-4e24-9286-a24b1a409176}</UniqueIdentifier>
    </Filter>
    <Filter Include="libraries\AP_Motors">
      <UniqueIdentifier>{c0d9f197-a607-40e5-be75-9c29b127e6f9}</UniqueIdentifier>
    </Filter>
    <Filter Include="libraries\SRV_Channel">
      <UniqueIdentifier>{77520def-23d4-4570-9c7b-2840821b2d7c}</UniqueIdentifier>
    </Filter>
  </ItemGroup>
  <ItemGroup>
    <ClCompile Include="ArduPlane\afs_plane.cpp">
      <Filter>ArduPlane</Filter>
    </ClCompile>
    <ClCompile Include="ArduPlane\altitude.cpp">
      <Filter>ArduPlane</Filter>
    </ClCompile>
    <ClCompile Include="ArduPlane\AP_Arming.cpp">
      <Filter>ArduPlane</Filter>
    </ClCompile>
    <ClCompile Include="ArduPlane\ArduPlane.cpp">
      <Filter>ArduPlane</Filter>
    </ClCompile>
    <ClCompile Include="ArduPlane\Attitude.cpp">
      <Filter>ArduPlane</Filter>
    </ClCompile>
    <ClCompile Include="ArduPlane\avoidance_adsb.cpp">
      <Filter>ArduPlane</Filter>
    </ClCompile>
    <ClCompile Include="ArduPlane\commands.cpp">
      <Filter>ArduPlane</Filter>
    </ClCompile>
    <ClCompile Include="ArduPlane\commands_logic.cpp">
      <Filter>ArduPlane</Filter>
    </ClCompile>
    <ClCompile Include="ArduPlane\control_modes.cpp">
      <Filter>ArduPlane</Filter>
    </ClCompile>
    <ClCompile Include="ArduPlane\ekf_check.cpp">
      <Filter>ArduPlane</Filter>
    </ClCompile>
    <ClCompile Include="ArduPlane\events.cpp">
      <Filter>ArduPlane</Filter>
    </ClCompile>
    <ClCompile Include="ArduPlane\failsafe.cpp">
      <Filter>ArduPlane</Filter>
    </ClCompile>
    <ClCompile Include="ArduPlane\fence.cpp">
      <Filter>ArduPlane</Filter>
    </ClCompile>
    <ClCompile Include="ArduPlane\GCS_Mavlink.cpp">
      <Filter>ArduPlane</Filter>
    </ClCompile>
    <ClCompile Include="ArduPlane\GCS_Plane.cpp">
      <Filter>ArduPlane</Filter>
    </ClCompile>
    <ClCompile Include="ArduPlane\is_flying.cpp">
      <Filter>ArduPlane</Filter>
    </ClCompile>
    <ClCompile Include="ArduPlane\Log.cpp">
      <Filter>ArduPlane</Filter>
    </ClCompile>
    <ClCompile Include="ArduPlane\mode.cpp">
      <Filter>ArduPlane</Filter>
    </ClCompile>
    <ClCompile Include="ArduPlane\mode_acro.cpp">
      <Filter>ArduPlane</Filter>
    </ClCompile>
    <ClCompile Include="ArduPlane\mode_auto.cpp">
      <Filter>ArduPlane</Filter>
    </ClCompile>
    <ClCompile Include="ArduPlane\mode_autotune.cpp">
      <Filter>ArduPlane</Filter>
    </ClCompile>
    <ClCompile Include="ArduPlane\mode_avoidADSB.cpp">
      <Filter>ArduPlane</Filter>
    </ClCompile>
    <ClCompile Include="ArduPlane\mode_circle.cpp">
      <Filter>ArduPlane</Filter>
    </ClCompile>
    <ClCompile Include="ArduPlane\mode_cruise.cpp">
      <Filter>ArduPlane</Filter>
    </ClCompile>
    <ClCompile Include="ArduPlane\mode_fbwa.cpp">
      <Filter>ArduPlane</Filter>
    </ClCompile>
    <ClCompile Include="ArduPlane\mode_fbwb.cpp">
      <Filter>ArduPlane</Filter>
    </ClCompile>
    <ClCompile Include="ArduPlane\mode_guided.cpp">
      <Filter>ArduPlane</Filter>
    </ClCompile>
    <ClCompile Include="ArduPlane\mode_loiter.cpp">
      <Filter>ArduPlane</Filter>
    </ClCompile>
    <ClCompile Include="ArduPlane\mode_manual.cpp">
      <Filter>ArduPlane</Filter>
    </ClCompile>
    <ClCompile Include="ArduPlane\mode_qacro.cpp">
      <Filter>ArduPlane</Filter>
    </ClCompile>
    <ClCompile Include="ArduPlane\mode_qautotune.cpp">
      <Filter>ArduPlane</Filter>
    </ClCompile>
    <ClCompile Include="ArduPlane\mode_qhover.cpp">
      <Filter>ArduPlane</Filter>
    </ClCompile>
    <ClCompile Include="ArduPlane\mode_qland.cpp">
      <Filter>ArduPlane</Filter>
    </ClCompile>
    <ClCompile Include="ArduPlane\mode_qloiter.cpp">
      <Filter>ArduPlane</Filter>
    </ClCompile>
    <ClCompile Include="ArduPlane\mode_qrtl.cpp">
      <Filter>ArduPlane</Filter>
    </ClCompile>
    <ClCompile Include="ArduPlane\mode_qstabilize.cpp">
      <Filter>ArduPlane</Filter>
    </ClCompile>
    <ClCompile Include="ArduPlane\mode_rtl.cpp">
      <Filter>ArduPlane</Filter>
    </ClCompile>
    <ClCompile Include="ArduPlane\mode_stabilize.cpp">
      <Filter>ArduPlane</Filter>
    </ClCompile>
    <ClCompile Include="ArduPlane\mode_takeoff.cpp">
      <Filter>ArduPlane</Filter>
    </ClCompile>
    <ClCompile Include="ArduPlane\mode_thermal.cpp">
      <Filter>ArduPlane</Filter>
    </ClCompile>
    <ClCompile Include="ArduPlane\mode_training.cpp">
      <Filter>ArduPlane</Filter>
    </ClCompile>
    <ClCompile Include="ArduPlane\motor_test.cpp">
      <Filter>ArduPlane</Filter>
    </ClCompile>
    <ClCompile Include="ArduPlane\navigation.cpp">
      <Filter>ArduPlane</Filter>
    </ClCompile>
    <ClCompile Include="ArduPlane\parachute.cpp">
      <Filter>ArduPlane</Filter>
    </ClCompile>
    <ClCompile Include="ArduPlane\Parameters.cpp">
      <Filter>ArduPlane</Filter>
    </ClCompile>
    <ClCompile Include="ArduPlane\Plane.cpp">
      <Filter>ArduPlane</Filter>
    </ClCompile>
    <ClCompile Include="ArduPlane\qautotune.cpp">
      <Filter>ArduPlane</Filter>
    </ClCompile>
    <ClCompile Include="ArduPlane\quadplane.cpp">
      <Filter>ArduPlane</Filter>
    </ClCompile>
    <ClCompile Include="ArduPlane\radio.cpp">
      <Filter>ArduPlane</Filter>
    </ClCompile>
    <ClCompile Include="ArduPlane\RC_Channel.cpp">
      <Filter>ArduPlane</Filter>
    </ClCompile>
    <ClCompile Include="ArduPlane\reverse_thrust.cpp">
      <Filter>ArduPlane</Filter>
    </ClCompile>
    <ClCompile Include="ArduPlane\sensors.cpp">
      <Filter>ArduPlane</Filter>
    </ClCompile>
    <ClCompile Include="ArduPlane\servos.cpp">
      <Filter>ArduPlane</Filter>
    </ClCompile>
    <ClCompile Include="ArduPlane\soaring.cpp">
      <Filter>ArduPlane</Filter>
    </ClCompile>
    <ClCompile Include="ArduPlane\system.cpp">
      <Filter>ArduPlane</Filter>
    </ClCompile>
    <ClCompile Include="ArduPlane\tailsitter.cpp">
      <Filter>ArduPlane</Filter>
    </ClCompile>
    <ClCompile Include="ArduPlane\takeoff.cpp">
      <Filter>ArduPlane</Filter>
    </ClCompile>
    <ClCompile Include="ArduPlane\tiltrotor.cpp">
      <Filter>ArduPlane</Filter>
    </ClCompile>
    <ClCompile Include="ArduPlane\tuning.cpp">
      <Filter>ArduPlane</Filter>
    </ClCompile>
    <ClCompile Include="ArduCopter\afs_copter.cpp">
      <Filter>ArduCopter</Filter>
    </ClCompile>
    <ClCompile Include="ArduCopter\AP_Arming.cpp">
      <Filter>ArduCopter</Filter>
    </ClCompile>
    <ClCompile Include="ArduCopter\AP_Rally.cpp">
      <Filter>ArduCopter</Filter>
    </ClCompile>
    <ClCompile Include="ArduCopter\AP_State.cpp">
      <Filter>ArduCopter</Filter>
    </ClCompile>
    <ClCompile Include="ArduCopter\Attitude.cpp">
      <Filter>ArduCopter</Filter>
    </ClCompile>
    <ClCompile Include="ArduCopter\autoyaw.cpp">
      <Filter>ArduCopter</Filter>
    </ClCompile>
    <ClCompile Include="ArduCopter\avoidance.cpp">
      <Filter>ArduCopter</Filter>
    </ClCompile>
    <ClCompile Include="ArduCopter\avoidance_adsb.cpp">
      <Filter>ArduCopter</Filter>
    </ClCompile>
    <ClCompile Include="ArduCopter\baro_ground_effect.cpp">
      <Filter>ArduCopter</Filter>
    </ClCompile>
    <ClCompile Include="ArduCopter\commands.cpp">
      <Filter>ArduCopter</Filter>
    </ClCompile>
    <ClCompile Include="ArduCopter\compassmot.cpp">
      <Filter>ArduCopter</Filter>
    </ClCompile>
    <ClCompile Include="ArduCopter\Copter.cpp">
      <Filter>ArduCopter</Filter>
    </ClCompile>
    <ClCompile Include="ArduCopter\crash_check.cpp">
      <Filter>ArduCopter</Filter>
    </ClCompile>
    <ClCompile Include="ArduCopter\ekf_check.cpp">
      <Filter>ArduCopter</Filter>
    </ClCompile>
    <ClCompile Include="ArduCopter\esc_calibration.cpp">
      <Filter>ArduCopter</Filter>
    </ClCompile>
    <ClCompile Include="ArduCopter\events.cpp">
      <Filter>ArduCopter</Filter>
    </ClCompile>
    <ClCompile Include="ArduCopter\failsafe.cpp">
      <Filter>ArduCopter</Filter>
    </ClCompile>
    <ClCompile Include="ArduCopter\fence.cpp">
      <Filter>ArduCopter</Filter>
    </ClCompile>
    <ClCompile Include="ArduCopter\GCS_Copter.cpp">
      <Filter>ArduCopter</Filter>
    </ClCompile>
    <ClCompile Include="ArduCopter\GCS_Mavlink.cpp">
      <Filter>ArduCopter</Filter>
    </ClCompile>
    <ClCompile Include="ArduCopter\heli.cpp">
      <Filter>ArduCopter</Filter>
    </ClCompile>
    <ClCompile Include="ArduCopter\inertia.cpp">
      <Filter>ArduCopter</Filter>
    </ClCompile>
    <ClCompile Include="ArduCopter\land_detector.cpp">
      <Filter>ArduCopter</Filter>
    </ClCompile>
    <ClCompile Include="ArduCopter\landing_gear.cpp">
      <Filter>ArduCopter</Filter>
    </ClCompile>
    <ClCompile Include="ArduCopter\leds.cpp">
      <Filter>ArduCopter</Filter>
    </ClCompile>
    <ClCompile Include="ArduCopter\Log.cpp">
      <Filter>ArduCopter</Filter>
    </ClCompile>
    <ClCompile Include="ArduCopter\mode.cpp">
      <Filter>ArduCopter</Filter>
    </ClCompile>
    <ClCompile Include="ArduCopter\mode_acro.cpp">
      <Filter>ArduCopter</Filter>
    </ClCompile>
    <ClCompile Include="ArduCopter\mode_acro_heli.cpp">
      <Filter>ArduCopter</Filter>
    </ClCompile>
    <ClCompile Include="ArduCopter\mode_althold.cpp">
      <Filter>ArduCopter</Filter>
    </ClCompile>
    <ClCompile Include="ArduCopter\mode_auto.cpp">
      <Filter>ArduCopter</Filter>
    </ClCompile>
    <ClCompile Include="ArduCopter\mode_autorotate.cpp">
      <Filter>ArduCopter</Filter>
    </ClCompile>
    <ClCompile Include="ArduCopter\mode_autotune.cpp">
      <Filter>ArduCopter</Filter>
    </ClCompile>
    <ClCompile Include="ArduCopter\mode_avoid_adsb.cpp">
      <Filter>ArduCopter</Filter>
    </ClCompile>
    <ClCompile Include="ArduCopter\mode_brake.cpp">
      <Filter>ArduCopter</Filter>
    </ClCompile>
    <ClCompile Include="ArduCopter\mode_circle.cpp">
      <Filter>ArduCopter</Filter>
    </ClCompile>
    <ClCompile Include="ArduCopter\mode_drift.cpp">
      <Filter>ArduCopter</Filter>
    </ClCompile>
    <ClCompile Include="ArduCopter\mode_flip.cpp">
      <Filter>ArduCopter</Filter>
    </ClCompile>
    <ClCompile Include="ArduCopter\mode_flowhold.cpp">
      <Filter>ArduCopter</Filter>
    </ClCompile>
    <ClCompile Include="ArduCopter\mode_follow.cpp">
      <Filter>ArduCopter</Filter>
    </ClCompile>
    <ClCompile Include="ArduCopter\mode_guided.cpp">
      <Filter>ArduCopter</Filter>
    </ClCompile>
    <ClCompile Include="ArduCopter\mode_guided_nogps.cpp">
      <Filter>ArduCopter</Filter>
    </ClCompile>
    <ClCompile Include="ArduCopter\mode_land.cpp">
      <Filter>ArduCopter</Filter>
    </ClCompile>
    <ClCompile Include="ArduCopter\mode_loiter.cpp">
      <Filter>ArduCopter</Filter>
    </ClCompile>
    <ClCompile Include="ArduCopter\mode_poshold.cpp">
      <Filter>ArduCopter</Filter>
    </ClCompile>
    <ClCompile Include="ArduCopter\mode_rtl.cpp">
      <Filter>ArduCopter</Filter>
    </ClCompile>
    <ClCompile Include="ArduCopter\mode_smart_rtl.cpp">
      <Filter>ArduCopter</Filter>
    </ClCompile>
    <ClCompile Include="ArduCopter\mode_sport.cpp">
      <Filter>ArduCopter</Filter>
    </ClCompile>
    <ClCompile Include="ArduCopter\mode_stabilize.cpp">
      <Filter>ArduCopter</Filter>
    </ClCompile>
    <ClCompile Include="ArduCopter\mode_stabilize_heli.cpp">
      <Filter>ArduCopter</Filter>
    </ClCompile>
    <ClCompile Include="ArduCopter\mode_systemid.cpp">
      <Filter>ArduCopter</Filter>
    </ClCompile>
    <ClCompile Include="ArduCopter\mode_throw.cpp">
      <Filter>ArduCopter</Filter>
    </ClCompile>
    <ClCompile Include="ArduCopter\mode_zigzag.cpp">
      <Filter>ArduCopter</Filter>
    </ClCompile>
    <ClCompile Include="ArduCopter\motor_test.cpp">
      <Filter>ArduCopter</Filter>
    </ClCompile>
    <ClCompile Include="ArduCopter\motors.cpp">
      <Filter>ArduCopter</Filter>
    </ClCompile>
    <ClCompile Include="ArduCopter\navigation.cpp">
      <Filter>ArduCopter</Filter>
    </ClCompile>
    <ClCompile Include="ArduCopter\Parameters.cpp">
      <Filter>ArduCopter</Filter>
    </ClCompile>
    <ClCompile Include="ArduCopter\precision_landing.cpp">
      <Filter>ArduCopter</Filter>
    </ClCompile>
    <ClCompile Include="ArduCopter\radio.cpp">
      <Filter>ArduCopter</Filter>
    </ClCompile>
    <ClCompile Include="ArduCopter\RC_Channel.cpp">
      <Filter>ArduCopter</Filter>
    </ClCompile>
    <ClCompile Include="ArduCopter\sensors.cpp">
      <Filter>ArduCopter</Filter>
    </ClCompile>
    <ClCompile Include="ArduCopter\standby.cpp">
      <Filter>ArduCopter</Filter>
    </ClCompile>
    <ClCompile Include="ArduCopter\surface_tracking.cpp">
      <Filter>ArduCopter</Filter>
    </ClCompile>
    <ClCompile Include="ArduCopter\system.cpp">
      <Filter>ArduCopter</Filter>
    </ClCompile>
    <ClCompile Include="ArduCopter\takeoff.cpp">
      <Filter>ArduCopter</Filter>
    </ClCompile>
    <ClCompile Include="ArduCopter\terrain.cpp">
      <Filter>ArduCopter</Filter>
    </ClCompile>
    <ClCompile Include="ArduCopter\toy_mode.cpp">
      <Filter>ArduCopter</Filter>
    </ClCompile>
    <ClCompile Include="ArduCopter\tuning.cpp">
      <Filter>ArduCopter</Filter>
    </ClCompile>
    <ClCompile Include="ArduCopter\UserCode.cpp">
      <Filter>ArduCopter</Filter>
    </ClCompile>
    <ClCompile Include="ArduCopter\UserParameters.cpp">
      <Filter>ArduCopter</Filter>
    </ClCompile>
    <ClCompile Include="libraries\AC_AttitudeControl\AC_AttitudeControl.cpp">
      <Filter>libraries\AC_AttitudeControl</Filter>
    </ClCompile>
    <ClCompile Include="libraries\AC_AttitudeControl\AC_AttitudeControl_Heli.cpp">
      <Filter>libraries\AC_AttitudeControl</Filter>
    </ClCompile>
    <ClCompile Include="libraries\AC_AttitudeControl\AC_AttitudeControl_Multi.cpp">
      <Filter>libraries\AC_AttitudeControl</Filter>
    </ClCompile>
    <ClCompile Include="libraries\AC_AttitudeControl\AC_AttitudeControl_Multi_6DoF.cpp">
      <Filter>libraries\AC_AttitudeControl</Filter>
    </ClCompile>
    <ClCompile Include="libraries\AC_AttitudeControl\AC_AttitudeControl_Sub.cpp">
      <Filter>libraries\AC_AttitudeControl</Filter>
    </ClCompile>
    <ClCompile Include="libraries\AC_AttitudeControl\AC_AttitudeControl_TS.cpp">
      <Filter>libraries\AC_AttitudeControl</Filter>
    </ClCompile>
    <ClCompile Include="libraries\AC_AttitudeControl\AC_PosControl.cpp">
      <Filter>libraries\AC_AttitudeControl</Filter>
    </ClCompile>
    <ClCompile Include="libraries\AC_AttitudeControl\AC_PosControl_Sub.cpp">
      <Filter>libraries\AC_AttitudeControl</Filter>
    </ClCompile>
    <ClCompile Include="libraries\AC_AttitudeControl\ControlMonitor.cpp">
      <Filter>libraries\AC_AttitudeControl</Filter>
    </ClCompile>
    <ClCompile Include="libraries\AP_AHRS\AP_AHRS.cpp">
      <Filter>libraries\AP_AHRS</Filter>
    </ClCompile>
    <ClCompile Include="libraries\AP_AHRS\AP_AHRS_DCM.cpp">
      <Filter>libraries\AP_AHRS</Filter>
    </ClCompile>
    <ClCompile Include="libraries\AP_AHRS\AP_AHRS_Logging.cpp">
      <Filter>libraries\AP_AHRS</Filter>
    </ClCompile>
    <ClCompile Include="libraries\AP_AHRS\AP_AHRS_NavEKF.cpp">
      <Filter>libraries\AP_AHRS</Filter>
    </ClCompile>
    <ClCompile Include="libraries\AP_AHRS\AP_AHRS_View.cpp">
      <Filter>libraries\AP_AHRS</Filter>
    </ClCompile>
    <ClCompile Include="libraries\AP_HAL\CANIface.cpp">
      <Filter>libraries\AP_HAL</Filter>
    </ClCompile>
    <ClCompile Include="libraries\AP_HAL\Device.cpp">
      <Filter>libraries\AP_HAL</Filter>
    </ClCompile>
    <ClCompile Include="libraries\AP_HAL\DSP.cpp">
      <Filter>libraries\AP_HAL</Filter>
    </ClCompile>
    <ClCompile Include="libraries\AP_HAL\EventHandle.cpp">
      <Filter>libraries\AP_HAL</Filter>
    </ClCompile>
    <ClCompile Include="libraries\AP_HAL\GPIO.cpp">
      <Filter>libraries\AP_HAL</Filter>
    </ClCompile>
    <ClCompile Include="libraries\AP_HAL\HAL.cpp">
      <Filter>libraries\AP_HAL</Filter>
    </ClCompile>
    <ClCompile Include="libraries\AP_HAL\RCOutput.cpp">
      <Filter>libraries\AP_HAL</Filter>
    </ClCompile>
    <ClCompile Include="libraries\AP_HAL\Scheduler.cpp">
      <Filter>libraries\AP_HAL</Filter>
    </ClCompile>
    <ClCompile Include="libraries\AP_HAL\Semaphores.cpp">
      <Filter>libraries\AP_HAL</Filter>
    </ClCompile>
    <ClCompile Include="libraries\AP_HAL\Storage.cpp">
      <Filter>libraries\AP_HAL</Filter>
    </ClCompile>
    <ClCompile Include="libraries\AP_HAL\system.cpp">
      <Filter>libraries\AP_HAL</Filter>
    </ClCompile>
    <ClCompile Include="libraries\AP_HAL\Util.cpp">
      <Filter>libraries\AP_HAL</Filter>
    </ClCompile>
    <ClCompile Include="libraries\AP_Motors\AP_Motors_Class.cpp">
      <Filter>libraries\AP_Motors</Filter>
    </ClCompile>
    <ClCompile Include="libraries\AP_Motors\AP_Motors6DOF.cpp">
      <Filter>libraries\AP_Motors</Filter>
    </ClCompile>
    <ClCompile Include="libraries\AP_Motors\AP_MotorsCoax.cpp">
      <Filter>libraries\AP_Motors</Filter>
    </ClCompile>
    <ClCompile Include="libraries\AP_Motors\AP_MotorsHeli.cpp">
      <Filter>libraries\AP_Motors</Filter>
    </ClCompile>
    <ClCompile Include="libraries\AP_Motors\AP_MotorsHeli_Dual.cpp">
      <Filter>libraries\AP_Motors</Filter>
    </ClCompile>
    <ClCompile Include="libraries\AP_Motors\AP_MotorsHeli_Quad.cpp">
      <Filter>libraries\AP_Motors</Filter>
    </ClCompile>
    <ClCompile Include="libraries\AP_Motors\AP_MotorsHeli_RSC.cpp">
      <Filter>libraries\AP_Motors</Filter>
    </ClCompile>
    <ClCompile Include="libraries\AP_Motors\AP_MotorsHeli_Single.cpp">
      <Filter>libraries\AP_Motors</Filter>
    </ClCompile>
    <ClCompile Include="libraries\AP_Motors\AP_MotorsHeli_Swash.cpp">
      <Filter>libraries\AP_Motors</Filter>
    </ClCompile>
    <ClCompile Include="libraries\AP_Motors\AP_MotorsMatrix.cpp">
      <Filter>libraries\AP_Motors</Filter>
    </ClCompile>
    <ClCompile Include="libraries\AP_Motors\AP_MotorsMatrix_6DoF_Scripting.cpp">
      <Filter>libraries\AP_Motors</Filter>
    </ClCompile>
    <ClCompile Include="libraries\AP_Motors\AP_MotorsMulticopter.cpp">
      <Filter>libraries\AP_Motors</Filter>
    </ClCompile>
    <ClCompile Include="libraries\AP_Motors\AP_MotorsSingle.cpp">
      <Filter>libraries\AP_Motors</Filter>
    </ClCompile>
    <ClCompile Include="libraries\AP_Motors\AP_MotorsTailsitter.cpp">
      <Filter>libraries\AP_Motors</Filter>
    </ClCompile>
    <ClCompile Include="libraries\AP_Motors\AP_MotorsTri.cpp">
      <Filter>libraries\AP_Motors</Filter>
    </ClCompile>
    <ClCompile Include="libraries\AP_Motors\AP_MotorsUGV.cpp">
      <Filter>libraries\AP_Motors</Filter>
    </ClCompile>
    <ClCompile Include="libraries\SRV_Channel\SRV_Channel.cpp">
      <Filter>libraries\SRV_Channel</Filter>
    </ClCompile>
    <ClCompile Include="libraries\SRV_Channel\SRV_Channel_aux.cpp">
      <Filter>libraries\SRV_Channel</Filter>
    </ClCompile>
    <ClCompile Include="libraries\SRV_Channel\SRV_Channels.cpp">
      <Filter>libraries\SRV_Channel</Filter>
    </ClCompile>
  </ItemGroup>
  <ItemGroup>
    <ClInclude Include="ArduPlane\afs_plane.h">
      <Filter>ArduPlane</Filter>
    </ClInclude>
    <ClInclude Include="ArduPlane\AP_Arming.h">
      <Filter>ArduPlane</Filter>
    </ClInclude>
    <ClInclude Include="ArduPlane\avoidance_adsb.h">
      <Filter>ArduPlane</Filter>
    </ClInclude>
    <ClInclude Include="ArduPlane\config.h">
      <Filter>ArduPlane</Filter>
    </ClInclude>
    <ClInclude Include="ArduPlane\defines.h">
      <Filter>ArduPlane</Filter>
    </ClInclude>
    <ClInclude Include="ArduPlane\GCS_Mavlink.h">
      <Filter>ArduPlane</Filter>
    </ClInclude>
    <ClInclude Include="ArduPlane\GCS_Plane.h">
      <Filter>ArduPlane</Filter>
    </ClInclude>
    <ClInclude Include="ArduPlane\mode.h">
      <Filter>ArduPlane</Filter>
    </ClInclude>
    <ClInclude Include="ArduPlane\Parameters.h">
      <Filter>ArduPlane</Filter>
    </ClInclude>
    <ClInclude Include="ArduPlane\Plane.h">
      <Filter>ArduPlane</Filter>
    </ClInclude>
    <ClInclude Include="ArduPlane\qautotune.h">
      <Filter>ArduPlane</Filter>
    </ClInclude>
    <ClInclude Include="ArduPlane\quadplane.h">
      <Filter>ArduPlane</Filter>
    </ClInclude>
    <ClInclude Include="ArduPlane\RC_Channel.h">
      <Filter>ArduPlane</Filter>
    </ClInclude>
    <ClInclude Include="ArduPlane\tuning.h">
      <Filter>ArduPlane</Filter>
    </ClInclude>
    <ClInclude Include="ArduPlane\version.h">
      <Filter>ArduPlane</Filter>
    </ClInclude>
    <ClInclude Include="ArduCopter\afs_copter.h">
      <Filter>ArduCopter</Filter>
    </ClInclude>
    <ClInclude Include="ArduCopter\AP_Arming.h">
      <Filter>ArduCopter</Filter>
    </ClInclude>
    <ClInclude Include="ArduCopter\AP_Rally.h">
      <Filter>ArduCopter</Filter>
    </ClInclude>
    <ClInclude Include="ArduCopter\APM_Config.h">
      <Filter>ArduCopter</Filter>
    </ClInclude>
    <ClInclude Include="ArduCopter\avoidance_adsb.h">
      <Filter>ArduCopter</Filter>
    </ClInclude>
    <ClInclude Include="ArduCopter\config.h">
      <Filter>ArduCopter</Filter>
    </ClInclude>
    <ClInclude Include="ArduCopter\Copter.h">
      <Filter>ArduCopter</Filter>
    </ClInclude>
    <ClInclude Include="ArduCopter\defines.h">
      <Filter>ArduCopter</Filter>
    </ClInclude>
    <ClInclude Include="ArduCopter\GCS_Copter.h">
      <Filter>ArduCopter</Filter>
    </ClInclude>
    <ClInclude Include="ArduCopter\GCS_Mavlink.h">
      <Filter>ArduCopter</Filter>
    </ClInclude>
    <ClInclude Include="ArduCopter\mode.h">
      <Filter>ArduCopter</Filter>
    </ClInclude>
    <ClInclude Include="ArduCopter\Parameters.h">
      <Filter>ArduCopter</Filter>
    </ClInclude>
    <ClInclude Include="ArduCopter\RC_Channel.h">
      <Filter>ArduCopter</Filter>
    </ClInclude>
    <ClInclude Include="ArduCopter\toy_mode.h">
      <Filter>ArduCopter</Filter>
    </ClInclude>
    <ClInclude Include="ArduCopter\UserParameters.h">
      <Filter>ArduCopter</Filter>
    </ClInclude>
    <ClInclude Include="ArduCopter\UserVariables.h">
      <Filter>ArduCopter</Filter>
    </ClInclude>
    <ClInclude Include="ArduCopter\version.h">
      <Filter>ArduCopter</Filter>
    </ClInclude>
    <ClInclude Include="libraries\AC_AttitudeControl\AC_AttitudeControl.h">
      <Filter>libraries\AC_AttitudeControl</Filter>
    </ClInclude>
    <ClInclude Include="libraries\AC_AttitudeControl\AC_AttitudeControl_Heli.h">
      <Filter>libraries\AC_AttitudeControl</Filter>
    </ClInclude>
    <ClInclude Include="libraries\AC_AttitudeControl\AC_AttitudeControl_Multi.h">
      <Filter>libraries\AC_AttitudeControl</Filter>
    </ClInclude>
    <ClInclude Include="libraries\AC_AttitudeControl\AC_AttitudeControl_Multi_6DoF.h">
      <Filter>libraries\AC_AttitudeControl</Filter>
    </ClInclude>
    <ClInclude Include="libraries\AC_AttitudeControl\AC_AttitudeControl_Sub.h">
      <Filter>libraries\AC_AttitudeControl</Filter>
    </ClInclude>
    <ClInclude Include="libraries\AC_AttitudeControl\AC_AttitudeControl_TS.h">
      <Filter>libraries\AC_AttitudeControl</Filter>
    </ClInclude>
    <ClInclude Include="libraries\AC_AttitudeControl\AC_PosControl.h">
      <Filter>libraries\AC_AttitudeControl</Filter>
    </ClInclude>
    <ClInclude Include="libraries\AC_AttitudeControl\AC_PosControl_Sub.h">
      <Filter>libraries\AC_AttitudeControl</Filter>
    </ClInclude>
    <ClInclude Include="libraries\AP_AHRS\AP_AHRS.h">
      <Filter>libraries\AP_AHRS</Filter>
    </ClInclude>
    <ClInclude Include="libraries\AP_AHRS\AP_AHRS_DCM.h">
      <Filter>libraries\AP_AHRS</Filter>
    </ClInclude>
    <ClInclude Include="libraries\AP_AHRS\AP_AHRS_NavEKF.h">
      <Filter>libraries\AP_AHRS</Filter>
    </ClInclude>
    <ClInclude Include="libraries\AP_AHRS\AP_AHRS_View.h">
      <Filter>libraries\AP_AHRS</Filter>
    </ClInclude>
    <ClInclude Include="libraries\AP_AHRS\LogStructure.h">
      <Filter>libraries\AP_AHRS</Filter>
    </ClInclude>
    <ClInclude Include="libraries\AP_HAL\AnalogIn.h">
      <Filter>libraries\AP_HAL</Filter>
    </ClInclude>
    <ClInclude Include="libraries\AP_HAL\AP_HAL.h">
      <Filter>libraries\AP_HAL</Filter>
    </ClInclude>
    <ClInclude Include="libraries\AP_HAL\AP_HAL_Boards.h">
      <Filter>libraries\AP_HAL</Filter>
    </ClInclude>
    <ClInclude Include="libraries\AP_HAL\AP_HAL_Macros.h">
      <Filter>libraries\AP_HAL</Filter>
    </ClInclude>
    <ClInclude Include="libraries\AP_HAL\AP_HAL_Main.h">
      <Filter>libraries\AP_HAL</Filter>
    </ClInclude>
    <ClInclude Include="libraries\AP_HAL\AP_HAL_Namespace.h">
      <Filter>libraries\AP_HAL</Filter>
    </ClInclude>
    <ClInclude Include="libraries\AP_HAL\CANIface.h">
      <Filter>libraries\AP_HAL</Filter>
    </ClInclude>
    <ClInclude Include="libraries\AP_HAL\Device.h">
      <Filter>libraries\AP_HAL</Filter>
    </ClInclude>
    <ClInclude Include="libraries\AP_HAL\DSP.h">
      <Filter>libraries\AP_HAL</Filter>
    </ClInclude>
    <ClInclude Include="libraries\AP_HAL\EventHandle.h">
      <Filter>libraries\AP_HAL</Filter>
    </ClInclude>
    <ClInclude Include="libraries\AP_HAL\Flash.h">
      <Filter>libraries\AP_HAL</Filter>
    </ClInclude>
    <ClInclude Include="libraries\AP_HAL\GPIO.h">
      <Filter>libraries\AP_HAL</Filter>
    </ClInclude>
    <ClInclude Include="libraries\AP_HAL\HAL.h">
      <Filter>libraries\AP_HAL</Filter>
    </ClInclude>
    <ClInclude Include="libraries\AP_HAL\I2CDevice.h">
      <Filter>libraries\AP_HAL</Filter>
    </ClInclude>
    <ClInclude Include="libraries\AP_HAL\OpticalFlow.h">
      <Filter>libraries\AP_HAL</Filter>
    </ClInclude>
    <ClInclude Include="libraries\AP_HAL\RCInput.h">
      <Filter>libraries\AP_HAL</Filter>
    </ClInclude>
    <ClInclude Include="libraries\AP_HAL\RCOutput.h">
      <Filter>libraries\AP_HAL</Filter>
    </ClInclude>
    <ClInclude Include="libraries\AP_HAL\Scheduler.h">
      <Filter>libraries\AP_HAL</Filter>
    </ClInclude>
    <ClInclude Include="libraries\AP_HAL\Semaphores.h">
      <Filter>libraries\AP_HAL</Filter>
    </ClInclude>
    <ClInclude Include="libraries\AP_HAL\SPIDevice.h">
      <Filter>libraries\AP_HAL</Filter>
    </ClInclude>
    <ClInclude Include="libraries\AP_HAL\Storage.h">
      <Filter>libraries\AP_HAL</Filter>
    </ClInclude>
    <ClInclude Include="libraries\AP_HAL\system.h">
      <Filter>libraries\AP_HAL</Filter>
    </ClInclude>
    <ClInclude Include="libraries\AP_HAL\UARTDriver.h">
      <Filter>libraries\AP_HAL</Filter>
    </ClInclude>
    <ClInclude Include="libraries\AP_HAL\Util.h">
      <Filter>libraries\AP_HAL</Filter>
    </ClInclude>
    <ClInclude Include="libraries\AP_Motors\AP_Motors.h">
      <Filter>libraries\AP_Motors</Filter>
    </ClInclude>
    <ClInclude Include="libraries\AP_Motors\AP_Motors_Class.h">
      <Filter>libraries\AP_Motors</Filter>
    </ClInclude>
    <ClInclude Include="libraries\AP_Motors\AP_Motors6DOF.h">
      <Filter>libraries\AP_Motors</Filter>
    </ClInclude>
    <ClInclude Include="libraries\AP_Motors\AP_MotorsCoax.h">
      <Filter>libraries\AP_Motors</Filter>
    </ClInclude>
    <ClInclude Include="libraries\AP_Motors\AP_MotorsHeli.h">
      <Filter>libraries\AP_Motors</Filter>
    </ClInclude>
    <ClInclude Include="libraries\AP_Motors\AP_MotorsHeli_Dual.h">
      <Filter>libraries\AP_Motors</Filter>
    </ClInclude>
    <ClInclude Include="libraries\AP_Motors\AP_MotorsHeli_Quad.h">
      <Filter>libraries\AP_Motors</Filter>
    </ClInclude>
    <ClInclude Include="libraries\AP_Motors\AP_MotorsHeli_RSC.h">
      <Filter>libraries\AP_Motors</Filter>
    </ClInclude>
    <ClInclude Include="libraries\AP_Motors\AP_MotorsHeli_Single.h">
      <Filter>libraries\AP_Motors</Filter>
    </ClInclude>
    <ClInclude Include="libraries\AP_Motors\AP_MotorsHeli_Swash.h">
      <Filter>libraries\AP_Motors</Filter>
    </ClInclude>
    <ClInclude Include="libraries\AP_Motors\AP_MotorsMatrix.h">
      <Filter>libraries\AP_Motors</Filter>
    </ClInclude>
    <ClInclude Include="libraries\AP_Motors\AP_MotorsMatrix_6DoF_Scripting.h">
      <Filter>libraries\AP_Motors</Filter>
    </ClInclude>
    <ClInclude Include="libraries\AP_Motors\AP_MotorsMulticopter.h">
      <Filter>libraries\AP_Motors</Filter>
    </ClInclude>
    <ClInclude Include="libraries\AP_Motors\AP_MotorsSingle.h">
      <Filter>libraries\AP_Motors</Filter>
    </ClInclude>
    <ClInclude Include="libraries\AP_Motors\AP_MotorsTailsitter.h">
      <Filter>libraries\AP_Motors</Filter>
    </ClInclude>
    <ClInclude Include="libraries\AP_Motors\AP_MotorsTri.h">
      <Filter>libraries\AP_Motors</Filter>
    </ClInclude>
    <ClInclude Include="libraries\AP_Motors\AP_MotorsUGV.h">
      <Filter>libraries\AP_Motors</Filter>
    </ClInclude>
    <ClInclude Include="libraries\SRV_Channel\SRV_Channel.h">
      <Filter>libraries\SRV_Channel</Filter>
    </ClInclude>
  </ItemGroup>
  <ItemGroup>
    <None Include="ArduPlane\createTags">
      <Filter>ArduPlane</Filter>
    </None>
    <None Include="ArduPlane\Makefile.waf">
      <Filter>ArduPlane</Filter>
    </None>
    <None Include="ArduPlane\wscript">
      <Filter>ArduPlane</Filter>
    </None>
    <None Include="ArduCopter\Makefile.waf">
      <Filter>ArduCopter</Filter>
    </None>
    <None Include="ArduCopter\wscript">
      <Filter>ArduCopter</Filter>
    </None>
  </ItemGroup>
  <ItemGroup>
    <Text Include="ArduPlane\ReleaseNotes.txt">
      <Filter>ArduPlane</Filter>
    </Text>
    <Text Include="ArduCopter\ReleaseNotes.txt">
      <Filter>ArduCopter</Filter>
    </Text>
  </ItemGroup>
</Project>